// !$*UTF8*$!
{
	archiveVersion = 1;
	classes = {
	};
	objectVersion = 56;
	objects = {

/* Begin PBXBuildFile section */
		6E66F9122AF8F52A00746017 /* CardsGame.swift in Sources */ = {isa = PBXBuildFile; fileRef = 6E66F9112AF8F52A00746017 /* CardsGame.swift */; };
		6E66F9142AF8F68900746017 /* CardView.swift in Sources */ = {isa = PBXBuildFile; fileRef = 6E66F9132AF8F68900746017 /* CardView.swift */; };
		6E66F9182AF904A600746017 /* Trivia.swift in Sources */ = {isa = PBXBuildFile; fileRef = 6E66F9172AF904A600746017 /* Trivia.swift */; };
		6E66F91A2AF908B000746017 /* TriviaManager.swift in Sources */ = {isa = PBXBuildFile; fileRef = 6E66F9192AF908B000746017 /* TriviaManager.swift */; };
		6E9A50EA2AFB9D1500E02BCE /* ToolBar.swift in Sources */ = {isa = PBXBuildFile; fileRef = 6E9A50E92AFB9D1500E02BCE /* ToolBar.swift */; };
		6E9A50F02AFBBAF400E02BCE /* GameMenu.swift in Sources */ = {isa = PBXBuildFile; fileRef = 6E9A50EF2AFBBAF400E02BCE /* GameMenu.swift */; };
		6E9A50F22AFBD0DF00E02BCE /* LevelsView.swift in Sources */ = {isa = PBXBuildFile; fileRef = 6E9A50F12AFBD0DF00E02BCE /* LevelsView.swift */; };
		6EB81EEB2AFF969C003F96E8 /* SideMenuViewModel.swift in Sources */ = {isa = PBXBuildFile; fileRef = 6EB81EEA2AFF969C003F96E8 /* SideMenuViewModel.swift */; };
		6EB81EEF2AFF96B1003F96E8 /* SideMenuOptionView.swift in Sources */ = {isa = PBXBuildFile; fileRef = 6EB81EEC2AFF96B0003F96E8 /* SideMenuOptionView.swift */; };
		6EB81EF02AFF96B1003F96E8 /* SideMenuHeaderView.swift in Sources */ = {isa = PBXBuildFile; fileRef = 6EB81EED2AFF96B0003F96E8 /* SideMenuHeaderView.swift */; };
		6EB81EF12AFF96B1003F96E8 /* SideMenuView.swift in Sources */ = {isa = PBXBuildFile; fileRef = 6EB81EEE2AFF96B1003F96E8 /* SideMenuView.swift */; };
		6EB81EF92AFFBFD9003F96E8 /* GameMain.swift in Sources */ = {isa = PBXBuildFile; fileRef = 6EB81EF82AFFBFD9003F96E8 /* GameMain.swift */; };
		6EC5DC202AF7C70B0054DDB4 /* AyachiZakariaQuizApp.swift in Sources */ = {isa = PBXBuildFile; fileRef = 6EC5DC1F2AF7C70B0054DDB4 /* AyachiZakariaQuizApp.swift */; };
		6EC5DC222AF7C70B0054DDB4 /* ContentView.swift in Sources */ = {isa = PBXBuildFile; fileRef = 6EC5DC212AF7C70B0054DDB4 /* ContentView.swift */; };
		6EC5DC242AF7C70C0054DDB4 /* Assets.xcassets in Resources */ = {isa = PBXBuildFile; fileRef = 6EC5DC232AF7C70C0054DDB4 /* Assets.xcassets */; };
		6EC5DC272AF7C70C0054DDB4 /* Preview Assets.xcassets in Resources */ = {isa = PBXBuildFile; fileRef = 6EC5DC262AF7C70C0054DDB4 /* Preview Assets.xcassets */; };
		6EC5DC292AF7C70C0054DDB4 /* Persistence.swift in Sources */ = {isa = PBXBuildFile; fileRef = 6EC5DC282AF7C70C0054DDB4 /* Persistence.swift */; };
		6EC5DC2C2AF7C70C0054DDB4 /* AyachiZakariaQuiz.xcdatamodeld in Sources */ = {isa = PBXBuildFile; fileRef = 6EC5DC2A2AF7C70C0054DDB4 /* AyachiZakariaQuiz.xcdatamodeld */; };
		6EC5DC522AF7C81A0054DDB4 /* PrimaryButton.swift in Sources */ = {isa = PBXBuildFile; fileRef = 6EC5DC512AF7C8190054DDB4 /* PrimaryButton.swift */; };
		6EC5DC562AF7CEA10054DDB4 /* Extensions.swift in Sources */ = {isa = PBXBuildFile; fileRef = 6EC5DC552AF7CEA10054DDB4 /* Extensions.swift */; };
		6EC5DC582AF7D0000054DDB4 /* QuestionView.swift in Sources */ = {isa = PBXBuildFile; fileRef = 6EC5DC572AF7D0000054DDB4 /* QuestionView.swift */; };
		6EC5DC5C2AF7D2E50054DDB4 /* ProgressBar.swift in Sources */ = {isa = PBXBuildFile; fileRef = 6EC5DC5B2AF7D2E50054DDB4 /* ProgressBar.swift */; };
		6EC5DC5F2AF7D9710054DDB4 /* Answer.swift in Sources */ = {isa = PBXBuildFile; fileRef = 6EC5DC5E2AF7D9710054DDB4 /* Answer.swift */; };
		6EC5DC612AF7D9E40054DDB4 /* AnswerRow.swift in Sources */ = {isa = PBXBuildFile; fileRef = 6EC5DC602AF7D9E40054DDB4 /* AnswerRow.swift */; };
		6EC5DC632AF7E1300054DDB4 /* TriviaView.swift in Sources */ = {isa = PBXBuildFile; fileRef = 6EC5DC622AF7E1300054DDB4 /* TriviaView.swift */; };
		6EC5DC652AF7E7C60054DDB4 /* Quiz.swift in Sources */ = {isa = PBXBuildFile; fileRef = 6EC5DC642AF7E7C60054DDB4 /* Quiz.swift */; };
		6EC5DC672AF7EB240054DDB4 /* TimedQuizView.swift in Sources */ = {isa = PBXBuildFile; fileRef = 6EC5DC662AF7EB240054DDB4 /* TimedQuizView.swift */; };
		6EC5DC692AF7EB620054DDB4 /* TimedQuizNavView.swift in Sources */ = {isa = PBXBuildFile; fileRef = 6EC5DC682AF7EB620054DDB4 /* TimedQuizNavView.swift */; };
/* End PBXBuildFile section */

/* Begin PBXContainerItemProxy section */
		6EC5DC322AF7C70C0054DDB4 /* PBXContainerItemProxy */ = {
			isa = PBXContainerItemProxy;
			containerPortal = 6EC5DC142AF7C70B0054DDB4 /* Project object */;
			proxyType = 1;
			remoteGlobalIDString = 6EC5DC1B2AF7C70B0054DDB4;
			remoteInfo = AyachiZakariaQuiz;
		};
		6EC5DC3C2AF7C70C0054DDB4 /* PBXContainerItemProxy */ = {
			isa = PBXContainerItemProxy;
			containerPortal = 6EC5DC142AF7C70B0054DDB4 /* Project object */;
			proxyType = 1;
			remoteGlobalIDString = 6EC5DC1B2AF7C70B0054DDB4;
			remoteInfo = AyachiZakariaQuiz;
		};
/* End PBXContainerItemProxy section */

/* Begin PBXFileReference section */
		6E66F9112AF8F52A00746017 /* CardsGame.swift */ = {isa = PBXFileReference; lastKnownFileType = sourcecode.swift; path = CardsGame.swift; sourceTree = "<group>"; };
		6E66F9132AF8F68900746017 /* CardView.swift */ = {isa = PBXFileReference; lastKnownFileType = sourcecode.swift; path = CardView.swift; sourceTree = "<group>"; };
		6E66F9172AF904A600746017 /* Trivia.swift */ = {isa = PBXFileReference; lastKnownFileType = sourcecode.swift; path = Trivia.swift; sourceTree = "<group>"; };
		6E66F9192AF908B000746017 /* TriviaManager.swift */ = {isa = PBXFileReference; lastKnownFileType = sourcecode.swift; path = TriviaManager.swift; sourceTree = "<group>"; };
		6E9A50E92AFB9D1500E02BCE /* ToolBar.swift */ = {isa = PBXFileReference; lastKnownFileType = sourcecode.swift; path = ToolBar.swift; sourceTree = "<group>"; };
		6E9A50EF2AFBBAF400E02BCE /* GameMenu.swift */ = {isa = PBXFileReference; lastKnownFileType = sourcecode.swift; path = GameMenu.swift; sourceTree = "<group>"; };
		6E9A50F12AFBD0DF00E02BCE /* LevelsView.swift */ = {isa = PBXFileReference; lastKnownFileType = sourcecode.swift; path = LevelsView.swift; sourceTree = "<group>"; };
		6EB81EEA2AFF969C003F96E8 /* SideMenuViewModel.swift */ = {isa = PBXFileReference; fileEncoding = 4; lastKnownFileType = sourcecode.swift; path = SideMenuViewModel.swift; sourceTree = "<group>"; };
		6EB81EEC2AFF96B0003F96E8 /* SideMenuOptionView.swift */ = {isa = PBXFileReference; fileEncoding = 4; lastKnownFileType = sourcecode.swift; name = SideMenuOptionView.swift; path = "../../../GAIA-Main/GAIA-Main/View/SideMenuOptionView.swift"; sourceTree = "<group>"; };
		6EB81EED2AFF96B0003F96E8 /* SideMenuHeaderView.swift */ = {isa = PBXFileReference; fileEncoding = 4; lastKnownFileType = sourcecode.swift; name = SideMenuHeaderView.swift; path = "../../../GAIA-Main/GAIA-Main/View/SideMenuHeaderView.swift"; sourceTree = "<group>"; };
		6EB81EEE2AFF96B1003F96E8 /* SideMenuView.swift */ = {isa = PBXFileReference; fileEncoding = 4; lastKnownFileType = sourcecode.swift; name = SideMenuView.swift; path = "../../../GAIA-Main/GAIA-Main/View/SideMenuView.swift"; sourceTree = "<group>"; };
		6EB81EF82AFFBFD9003F96E8 /* GameMain.swift */ = {isa = PBXFileReference; lastKnownFileType = sourcecode.swift; path = GameMain.swift; sourceTree = "<group>"; };
		6EC5DC1C2AF7C70B0054DDB4 /* AyachiZakariaQuiz.app */ = {isa = PBXFileReference; explicitFileType = wrapper.application; includeInIndex = 0; path = AyachiZakariaQuiz.app; sourceTree = BUILT_PRODUCTS_DIR; };
		6EC5DC1F2AF7C70B0054DDB4 /* AyachiZakariaQuizApp.swift */ = {isa = PBXFileReference; lastKnownFileType = sourcecode.swift; path = AyachiZakariaQuizApp.swift; sourceTree = "<group>"; };
		6EC5DC212AF7C70B0054DDB4 /* ContentView.swift */ = {isa = PBXFileReference; lastKnownFileType = sourcecode.swift; path = ContentView.swift; sourceTree = "<group>"; };
		6EC5DC232AF7C70C0054DDB4 /* Assets.xcassets */ = {isa = PBXFileReference; lastKnownFileType = folder.assetcatalog; path = Assets.xcassets; sourceTree = "<group>"; };
		6EC5DC262AF7C70C0054DDB4 /* Preview Assets.xcassets */ = {isa = PBXFileReference; lastKnownFileType = folder.assetcatalog; path = "Preview Assets.xcassets"; sourceTree = "<group>"; };
		6EC5DC282AF7C70C0054DDB4 /* Persistence.swift */ = {isa = PBXFileReference; lastKnownFileType = sourcecode.swift; path = Persistence.swift; sourceTree = "<group>"; };
		6EC5DC2B2AF7C70C0054DDB4 /* AyachiZakariaQuiz.xcdatamodel */ = {isa = PBXFileReference; lastKnownFileType = wrapper.xcdatamodel; path = AyachiZakariaQuiz.xcdatamodel; sourceTree = "<group>"; };
		6EC5DC312AF7C70C0054DDB4 /* AyachiZakariaQuizTests.xctest */ = {isa = PBXFileReference; explicitFileType = wrapper.cfbundle; includeInIndex = 0; path = AyachiZakariaQuizTests.xctest; sourceTree = BUILT_PRODUCTS_DIR; };
		6EC5DC3B2AF7C70C0054DDB4 /* AyachiZakariaQuizUITests.xctest */ = {isa = PBXFileReference; explicitFileType = wrapper.cfbundle; includeInIndex = 0; path = AyachiZakariaQuizUITests.xctest; sourceTree = BUILT_PRODUCTS_DIR; };
		6EC5DC512AF7C8190054DDB4 /* PrimaryButton.swift */ = {isa = PBXFileReference; lastKnownFileType = sourcecode.swift; path = PrimaryButton.swift; sourceTree = "<group>"; };
		6EC5DC552AF7CEA10054DDB4 /* Extensions.swift */ = {isa = PBXFileReference; lastKnownFileType = sourcecode.swift; path = Extensions.swift; sourceTree = "<group>"; };
		6EC5DC572AF7D0000054DDB4 /* QuestionView.swift */ = {isa = PBXFileReference; lastKnownFileType = sourcecode.swift; path = QuestionView.swift; sourceTree = "<group>"; };
		6EC5DC5B2AF7D2E50054DDB4 /* ProgressBar.swift */ = {isa = PBXFileReference; lastKnownFileType = sourcecode.swift; path = ProgressBar.swift; sourceTree = "<group>"; };
		6EC5DC5E2AF7D9710054DDB4 /* Answer.swift */ = {isa = PBXFileReference; lastKnownFileType = sourcecode.swift; path = Answer.swift; sourceTree = "<group>"; };
		6EC5DC602AF7D9E40054DDB4 /* AnswerRow.swift */ = {isa = PBXFileReference; lastKnownFileType = sourcecode.swift; path = AnswerRow.swift; sourceTree = "<group>"; };
		6EC5DC622AF7E1300054DDB4 /* TriviaView.swift */ = {isa = PBXFileReference; lastKnownFileType = sourcecode.swift; path = TriviaView.swift; sourceTree = "<group>"; };
		6EC5DC642AF7E7C60054DDB4 /* Quiz.swift */ = {isa = PBXFileReference; lastKnownFileType = sourcecode.swift; path = Quiz.swift; sourceTree = "<group>"; };
		6EC5DC662AF7EB240054DDB4 /* TimedQuizView.swift */ = {isa = PBXFileReference; lastKnownFileType = sourcecode.swift; path = TimedQuizView.swift; sourceTree = "<group>"; };
		6EC5DC682AF7EB620054DDB4 /* TimedQuizNavView.swift */ = {isa = PBXFileReference; lastKnownFileType = sourcecode.swift; path = TimedQuizNavView.swift; sourceTree = "<group>"; };
/* End PBXFileReference section */

/* Begin PBXFrameworksBuildPhase section */
		6EC5DC192AF7C70B0054DDB4 /* Frameworks */ = {
			isa = PBXFrameworksBuildPhase;
			buildActionMask = 2147483647;
			files = (
			);
			runOnlyForDeploymentPostprocessing = 0;
		};
		6EC5DC2E2AF7C70C0054DDB4 /* Frameworks */ = {
			isa = PBXFrameworksBuildPhase;
			buildActionMask = 2147483647;
			files = (
			);
			runOnlyForDeploymentPostprocessing = 0;
		};
		6EC5DC382AF7C70C0054DDB4 /* Frameworks */ = {
			isa = PBXFrameworksBuildPhase;
			buildActionMask = 2147483647;
			files = (
			);
			runOnlyForDeploymentPostprocessing = 0;
		};
/* End PBXFrameworksBuildPhase section */

/* Begin PBXGroup section */
		6E9A50EB2AFBA37D00E02BCE /* ModelView */ = {
			isa = PBXGroup;
			children = (
				6EB81EEA2AFF969C003F96E8 /* SideMenuViewModel.swift */,
				6E66F9192AF908B000746017 /* TriviaManager.swift */,
			);
			path = ModelView;
			sourceTree = "<group>";
		};
		6E9A50EC2AFBA38800E02BCE /* Controller */ = {
			isa = PBXGroup;
			children = (
			);
			path = Controller;
			sourceTree = "<group>";
		};
		6EC5DC132AF7C70B0054DDB4 = {
			isa = PBXGroup;
			children = (
				6EC5DC1E2AF7C70B0054DDB4 /* AyachiZakariaQuiz */,
				6EC5DC1D2AF7C70B0054DDB4 /* Products */,
			);
			sourceTree = "<group>";
		};
		6EC5DC1D2AF7C70B0054DDB4 /* Products */ = {
			isa = PBXGroup;
			children = (
				6EC5DC1C2AF7C70B0054DDB4 /* AyachiZakariaQuiz.app */,
				6EC5DC312AF7C70C0054DDB4 /* AyachiZakariaQuizTests.xctest */,
				6EC5DC3B2AF7C70C0054DDB4 /* AyachiZakariaQuizUITests.xctest */,
			);
			name = Products;
			sourceTree = "<group>";
		};
		6EC5DC1E2AF7C70B0054DDB4 /* AyachiZakariaQuiz */ = {
			isa = PBXGroup;
			children = (
				6E9A50EC2AFBA38800E02BCE /* Controller */,
				6E9A50EB2AFBA37D00E02BCE /* ModelView */,
				6EC5DC5D2AF7D8310054DDB4 /* Models */,
				6EC5DC532AF7C95C0054DDB4 /* Views */,
				6EC5DC4E2AF7C7E40054DDB4 /* Components */,
				6EC5DC1F2AF7C70B0054DDB4 /* AyachiZakariaQuizApp.swift */,
				6EC5DC232AF7C70C0054DDB4 /* Assets.xcassets */,
				6EC5DC282AF7C70C0054DDB4 /* Persistence.swift */,
				6EC5DC2A2AF7C70C0054DDB4 /* AyachiZakariaQuiz.xcdatamodeld */,
				6EC5DC252AF7C70C0054DDB4 /* Preview Content */,
				6EC5DC552AF7CEA10054DDB4 /* Extensions.swift */,
			);
			path = AyachiZakariaQuiz;
			sourceTree = "<group>";
		};
		6EC5DC252AF7C70C0054DDB4 /* Preview Content */ = {
			isa = PBXGroup;
			children = (
				6EC5DC262AF7C70C0054DDB4 /* Preview Assets.xcassets */,
			);
			path = "Preview Content";
			sourceTree = "<group>";
		};
		6EC5DC4E2AF7C7E40054DDB4 /* Components */ = {
			isa = PBXGroup;
			children = (
				6EC5DC512AF7C8190054DDB4 /* PrimaryButton.swift */,
				6EC5DC5B2AF7D2E50054DDB4 /* ProgressBar.swift */,
				6EC5DC602AF7D9E40054DDB4 /* AnswerRow.swift */,
				6E9A50E92AFB9D1500E02BCE /* ToolBar.swift */,
			);
			path = Components;
			sourceTree = "<group>";
		};
		6EC5DC532AF7C95C0054DDB4 /* Views */ = {
			isa = PBXGroup;
			children = (
				6EB81EED2AFF96B0003F96E8 /* SideMenuHeaderView.swift */,
				6EB81EEC2AFF96B0003F96E8 /* SideMenuOptionView.swift */,
				6EB81EEE2AFF96B1003F96E8 /* SideMenuView.swift */,
				6EC5DC212AF7C70B0054DDB4 /* ContentView.swift */,
				6EC5DC572AF7D0000054DDB4 /* QuestionView.swift */,
				6EC5DC622AF7E1300054DDB4 /* TriviaView.swift */,
				6EC5DC662AF7EB240054DDB4 /* TimedQuizView.swift */,
				6EC5DC682AF7EB620054DDB4 /* TimedQuizNavView.swift */,
				6E66F9112AF8F52A00746017 /* CardsGame.swift */,
				6E66F9132AF8F68900746017 /* CardView.swift */,
				6E9A50EF2AFBBAF400E02BCE /* GameMenu.swift */,
				6E9A50F12AFBD0DF00E02BCE /* LevelsView.swift */,
				6EB81EF82AFFBFD9003F96E8 /* GameMain.swift */,
			);
			path = Views;
			sourceTree = "<group>";
		};
		6EC5DC5D2AF7D8310054DDB4 /* Models */ = {
			isa = PBXGroup;
			children = (
				6EC5DC5E2AF7D9710054DDB4 /* Answer.swift */,
				6EC5DC642AF7E7C60054DDB4 /* Quiz.swift */,
				6E66F9172AF904A600746017 /* Trivia.swift */,
			);
			path = Models;
			sourceTree = "<group>";
		};
/* End PBXGroup section */

/* Begin PBXNativeTarget section */
		6EC5DC1B2AF7C70B0054DDB4 /* AyachiZakariaQuiz */ = {
			isa = PBXNativeTarget;
			buildConfigurationList = 6EC5DC452AF7C70C0054DDB4 /* Build configuration list for PBXNativeTarget "AyachiZakariaQuiz" */;
			buildPhases = (
				6EC5DC182AF7C70B0054DDB4 /* Sources */,
				6EC5DC192AF7C70B0054DDB4 /* Frameworks */,
				6EC5DC1A2AF7C70B0054DDB4 /* Resources */,
			);
			buildRules = (
			);
			dependencies = (
			);
			name = AyachiZakariaQuiz;
			productName = AyachiZakariaQuiz;
			productReference = 6EC5DC1C2AF7C70B0054DDB4 /* AyachiZakariaQuiz.app */;
			productType = "com.apple.product-type.application";
		};
		6EC5DC302AF7C70C0054DDB4 /* AyachiZakariaQuizTests */ = {
			isa = PBXNativeTarget;
			buildConfigurationList = 6EC5DC482AF7C70C0054DDB4 /* Build configuration list for PBXNativeTarget "AyachiZakariaQuizTests" */;
			buildPhases = (
				6EC5DC2D2AF7C70C0054DDB4 /* Sources */,
				6EC5DC2E2AF7C70C0054DDB4 /* Frameworks */,
				6EC5DC2F2AF7C70C0054DDB4 /* Resources */,
			);
			buildRules = (
			);
			dependencies = (
				6EC5DC332AF7C70C0054DDB4 /* PBXTargetDependency */,
			);
			name = AyachiZakariaQuizTests;
			productName = AyachiZakariaQuizTests;
			productReference = 6EC5DC312AF7C70C0054DDB4 /* AyachiZakariaQuizTests.xctest */;
			productType = "com.apple.product-type.bundle.unit-test";
		};
		6EC5DC3A2AF7C70C0054DDB4 /* AyachiZakariaQuizUITests */ = {
			isa = PBXNativeTarget;
			buildConfigurationList = 6EC5DC4B2AF7C70C0054DDB4 /* Build configuration list for PBXNativeTarget "AyachiZakariaQuizUITests" */;
			buildPhases = (
				6EC5DC372AF7C70C0054DDB4 /* Sources */,
				6EC5DC382AF7C70C0054DDB4 /* Frameworks */,
				6EC5DC392AF7C70C0054DDB4 /* Resources */,
			);
			buildRules = (
			);
			dependencies = (
				6EC5DC3D2AF7C70C0054DDB4 /* PBXTargetDependency */,
			);
			name = AyachiZakariaQuizUITests;
			productName = AyachiZakariaQuizUITests;
			productReference = 6EC5DC3B2AF7C70C0054DDB4 /* AyachiZakariaQuizUITests.xctest */;
			productType = "com.apple.product-type.bundle.ui-testing";
		};
/* End PBXNativeTarget section */

/* Begin PBXProject section */
		6EC5DC142AF7C70B0054DDB4 /* Project object */ = {
			isa = PBXProject;
			attributes = {
				BuildIndependentTargetsInParallel = 1;
				LastSwiftUpdateCheck = 1410;
				LastUpgradeCheck = 1410;
				TargetAttributes = {
					6EC5DC1B2AF7C70B0054DDB4 = {
						CreatedOnToolsVersion = 14.1;
					};
					6EC5DC302AF7C70C0054DDB4 = {
						CreatedOnToolsVersion = 14.1;
						TestTargetID = 6EC5DC1B2AF7C70B0054DDB4;
					};
					6EC5DC3A2AF7C70C0054DDB4 = {
						CreatedOnToolsVersion = 14.1;
						TestTargetID = 6EC5DC1B2AF7C70B0054DDB4;
					};
				};
			};
			buildConfigurationList = 6EC5DC172AF7C70B0054DDB4 /* Build configuration list for PBXProject "AyachiZakariaQuiz" */;
			compatibilityVersion = "Xcode 14.0";
			developmentRegion = en;
			hasScannedForEncodings = 0;
			knownRegions = (
				en,
				Base,
			);
			mainGroup = 6EC5DC132AF7C70B0054DDB4;
			productRefGroup = 6EC5DC1D2AF7C70B0054DDB4 /* Products */;
			projectDirPath = "";
			projectRoot = "";
			targets = (
				6EC5DC1B2AF7C70B0054DDB4 /* AyachiZakariaQuiz */,
				6EC5DC302AF7C70C0054DDB4 /* AyachiZakariaQuizTests */,
				6EC5DC3A2AF7C70C0054DDB4 /* AyachiZakariaQuizUITests */,
			);
		};
/* End PBXProject section */

/* Begin PBXResourcesBuildPhase section */
		6EC5DC1A2AF7C70B0054DDB4 /* Resources */ = {
			isa = PBXResourcesBuildPhase;
			buildActionMask = 2147483647;
			files = (
				6EC5DC272AF7C70C0054DDB4 /* Preview Assets.xcassets in Resources */,
				6EC5DC242AF7C70C0054DDB4 /* Assets.xcassets in Resources */,
			);
			runOnlyForDeploymentPostprocessing = 0;
		};
		6EC5DC2F2AF7C70C0054DDB4 /* Resources */ = {
			isa = PBXResourcesBuildPhase;
			buildActionMask = 2147483647;
			files = (
			);
			runOnlyForDeploymentPostprocessing = 0;
		};
		6EC5DC392AF7C70C0054DDB4 /* Resources */ = {
			isa = PBXResourcesBuildPhase;
			buildActionMask = 2147483647;
			files = (
			);
			runOnlyForDeploymentPostprocessing = 0;
		};
/* End PBXResourcesBuildPhase section */

/* Begin PBXSourcesBuildPhase section */
		6EC5DC182AF7C70B0054DDB4 /* Sources */ = {
			isa = PBXSourcesBuildPhase;
			buildActionMask = 2147483647;
			files = (
				6EC5DC672AF7EB240054DDB4 /* TimedQuizView.swift in Sources */,
				6E66F9122AF8F52A00746017 /* CardsGame.swift in Sources */,
				6E66F91A2AF908B000746017 /* TriviaManager.swift in Sources */,
				6EC5DC692AF7EB620054DDB4 /* TimedQuizNavView.swift in Sources */,
				6E9A50F22AFBD0DF00E02BCE /* LevelsView.swift in Sources */,
				6EC5DC292AF7C70C0054DDB4 /* Persistence.swift in Sources */,
				6EC5DC562AF7CEA10054DDB4 /* Extensions.swift in Sources */,
				6EB81EF12AFF96B1003F96E8 /* SideMenuView.swift in Sources */,
				6EC5DC652AF7E7C60054DDB4 /* Quiz.swift in Sources */,
				6E9A50EA2AFB9D1500E02BCE /* ToolBar.swift in Sources */,
				6EB81EF02AFF96B1003F96E8 /* SideMenuHeaderView.swift in Sources */,
				6EC5DC2C2AF7C70C0054DDB4 /* AyachiZakariaQuiz.xcdatamodeld in Sources */,
				6EC5DC5F2AF7D9710054DDB4 /* Answer.swift in Sources */,
				6E66F9182AF904A600746017 /* Trivia.swift in Sources */,
				6EC5DC582AF7D0000054DDB4 /* QuestionView.swift in Sources */,
				6EB81EEF2AFF96B1003F96E8 /* SideMenuOptionView.swift in Sources */,
				6EC5DC522AF7C81A0054DDB4 /* PrimaryButton.swift in Sources */,
				6EB81EEB2AFF969C003F96E8 /* SideMenuViewModel.swift in Sources */,
				6EC5DC632AF7E1300054DDB4 /* TriviaView.swift in Sources */,
				6EC5DC222AF7C70B0054DDB4 /* ContentView.swift in Sources */,
				6EC5DC5C2AF7D2E50054DDB4 /* ProgressBar.swift in Sources */,
				6E9A50F02AFBBAF400E02BCE /* GameMenu.swift in Sources */,
				6EC5DC612AF7D9E40054DDB4 /* AnswerRow.swift in Sources */,
				6E66F9142AF8F68900746017 /* CardView.swift in Sources */,
				6EB81EF92AFFBFD9003F96E8 /* GameMain.swift in Sources */,
				6EC5DC202AF7C70B0054DDB4 /* AyachiZakariaQuizApp.swift in Sources */,
			);
			runOnlyForDeploymentPostprocessing = 0;
		};
		6EC5DC2D2AF7C70C0054DDB4 /* Sources */ = {
			isa = PBXSourcesBuildPhase;
			buildActionMask = 2147483647;
			files = (
			);
			runOnlyForDeploymentPostprocessing = 0;
		};
		6EC5DC372AF7C70C0054DDB4 /* Sources */ = {
			isa = PBXSourcesBuildPhase;
			buildActionMask = 2147483647;
			files = (
			);
			runOnlyForDeploymentPostprocessing = 0;
		};
/* End PBXSourcesBuildPhase section */

/* Begin PBXTargetDependency section */
		6EC5DC332AF7C70C0054DDB4 /* PBXTargetDependency */ = {
			isa = PBXTargetDependency;
			target = 6EC5DC1B2AF7C70B0054DDB4 /* AyachiZakariaQuiz */;
			targetProxy = 6EC5DC322AF7C70C0054DDB4 /* PBXContainerItemProxy */;
		};
		6EC5DC3D2AF7C70C0054DDB4 /* PBXTargetDependency */ = {
			isa = PBXTargetDependency;
			target = 6EC5DC1B2AF7C70B0054DDB4 /* AyachiZakariaQuiz */;
			targetProxy = 6EC5DC3C2AF7C70C0054DDB4 /* PBXContainerItemProxy */;
		};
/* End PBXTargetDependency section */

/* Begin XCBuildConfiguration section */
		6EC5DC432AF7C70C0054DDB4 /* Debug */ = {
			isa = XCBuildConfiguration;
			buildSettings = {
				ALWAYS_SEARCH_USER_PATHS = NO;
				CLANG_ANALYZER_NONNULL = YES;
				CLANG_ANALYZER_NUMBER_OBJECT_CONVERSION = YES_AGGRESSIVE;
				CLANG_CXX_LANGUAGE_STANDARD = "gnu++20";
				CLANG_ENABLE_MODULES = YES;
				CLANG_ENABLE_OBJC_ARC = YES;
				CLANG_ENABLE_OBJC_WEAK = YES;
				CLANG_WARN_BLOCK_CAPTURE_AUTORELEASING = YES;
				CLANG_WARN_BOOL_CONVERSION = YES;
				CLANG_WARN_COMMA = YES;
				CLANG_WARN_CONSTANT_CONVERSION = YES;
				CLANG_WARN_DEPRECATED_OBJC_IMPLEMENTATIONS = YES;
				CLANG_WARN_DIRECT_OBJC_ISA_USAGE = YES_ERROR;
				CLANG_WARN_DOCUMENTATION_COMMENTS = YES;
				CLANG_WARN_EMPTY_BODY = YES;
				CLANG_WARN_ENUM_CONVERSION = YES;
				CLANG_WARN_INFINITE_RECURSION = YES;
				CLANG_WARN_INT_CONVERSION = YES;
				CLANG_WARN_NON_LITERAL_NULL_CONVERSION = YES;
				CLANG_WARN_OBJC_IMPLICIT_RETAIN_SELF = YES;
				CLANG_WARN_OBJC_LITERAL_CONVERSION = YES;
				CLANG_WARN_OBJC_ROOT_CLASS = YES_ERROR;
				CLANG_WARN_QUOTED_INCLUDE_IN_FRAMEWORK_HEADER = YES;
				CLANG_WARN_RANGE_LOOP_ANALYSIS = YES;
				CLANG_WARN_STRICT_PROTOTYPES = YES;
				CLANG_WARN_SUSPICIOUS_MOVE = YES;
				CLANG_WARN_UNGUARDED_AVAILABILITY = YES_AGGRESSIVE;
				CLANG_WARN_UNREACHABLE_CODE = YES;
				CLANG_WARN__DUPLICATE_METHOD_MATCH = YES;
				COPY_PHASE_STRIP = NO;
				DEBUG_INFORMATION_FORMAT = dwarf;
				ENABLE_STRICT_OBJC_MSGSEND = YES;
				ENABLE_TESTABILITY = YES;
				GCC_C_LANGUAGE_STANDARD = gnu11;
				GCC_DYNAMIC_NO_PIC = NO;
				GCC_NO_COMMON_BLOCKS = YES;
				GCC_OPTIMIZATION_LEVEL = 0;
				GCC_PREPROCESSOR_DEFINITIONS = (
					"DEBUG=1",
					"$(inherited)",
				);
				GCC_WARN_64_TO_32_BIT_CONVERSION = YES;
				GCC_WARN_ABOUT_RETURN_TYPE = YES_ERROR;
				GCC_WARN_UNDECLARED_SELECTOR = YES;
				GCC_WARN_UNINITIALIZED_AUTOS = YES_AGGRESSIVE;
				GCC_WARN_UNUSED_FUNCTION = YES;
				GCC_WARN_UNUSED_VARIABLE = YES;
				IPHONEOS_DEPLOYMENT_TARGET = 16.1;
				MTL_ENABLE_DEBUG_INFO = INCLUDE_SOURCE;
				MTL_FAST_MATH = YES;
				ONLY_ACTIVE_ARCH = YES;
				SDKROOT = iphoneos;
				SWIFT_ACTIVE_COMPILATION_CONDITIONS = DEBUG;
				SWIFT_OPTIMIZATION_LEVEL = "-Onone";
			};
			name = Debug;
		};
		6EC5DC442AF7C70C0054DDB4 /* Release */ = {
			isa = XCBuildConfiguration;
			buildSettings = {
				ALWAYS_SEARCH_USER_PATHS = NO;
				CLANG_ANALYZER_NONNULL = YES;
				CLANG_ANALYZER_NUMBER_OBJECT_CONVERSION = YES_AGGRESSIVE;
				CLANG_CXX_LANGUAGE_STANDARD = "gnu++20";
				CLANG_ENABLE_MODULES = YES;
				CLANG_ENABLE_OBJC_ARC = YES;
				CLANG_ENABLE_OBJC_WEAK = YES;
				CLANG_WARN_BLOCK_CAPTURE_AUTORELEASING = YES;
				CLANG_WARN_BOOL_CONVERSION = YES;
				CLANG_WARN_COMMA = YES;
				CLANG_WARN_CONSTANT_CONVERSION = YES;
				CLANG_WARN_DEPRECATED_OBJC_IMPLEMENTATIONS = YES;
				CLANG_WARN_DIRECT_OBJC_ISA_USAGE = YES_ERROR;
				CLANG_WARN_DOCUMENTATION_COMMENTS = YES;
				CLANG_WARN_EMPTY_BODY = YES;
				CLANG_WARN_ENUM_CONVERSION = YES;
				CLANG_WARN_INFINITE_RECURSION = YES;
				CLANG_WARN_INT_CONVERSION = YES;
				CLANG_WARN_NON_LITERAL_NULL_CONVERSION = YES;
				CLANG_WARN_OBJC_IMPLICIT_RETAIN_SELF = YES;
				CLANG_WARN_OBJC_LITERAL_CONVERSION = YES;
				CLANG_WARN_OBJC_ROOT_CLASS = YES_ERROR;
				CLANG_WARN_QUOTED_INCLUDE_IN_FRAMEWORK_HEADER = YES;
				CLANG_WARN_RANGE_LOOP_ANALYSIS = YES;
				CLANG_WARN_STRICT_PROTOTYPES = YES;
				CLANG_WARN_SUSPICIOUS_MOVE = YES;
				CLANG_WARN_UNGUARDED_AVAILABILITY = YES_AGGRESSIVE;
				CLANG_WARN_UNREACHABLE_CODE = YES;
				CLANG_WARN__DUPLICATE_METHOD_MATCH = YES;
				COPY_PHASE_STRIP = NO;
				DEBUG_INFORMATION_FORMAT = "dwarf-with-dsym";
				ENABLE_NS_ASSERTIONS = NO;
				ENABLE_STRICT_OBJC_MSGSEND = YES;
				GCC_C_LANGUAGE_STANDARD = gnu11;
				GCC_NO_COMMON_BLOCKS = YES;
				GCC_WARN_64_TO_32_BIT_CONVERSION = YES;
				GCC_WARN_ABOUT_RETURN_TYPE = YES_ERROR;
				GCC_WARN_UNDECLARED_SELECTOR = YES;
				GCC_WARN_UNINITIALIZED_AUTOS = YES_AGGRESSIVE;
				GCC_WARN_UNUSED_FUNCTION = YES;
				GCC_WARN_UNUSED_VARIABLE = YES;
				IPHONEOS_DEPLOYMENT_TARGET = 16.1;
				MTL_ENABLE_DEBUG_INFO = NO;
				MTL_FAST_MATH = YES;
				SDKROOT = iphoneos;
				SWIFT_COMPILATION_MODE = wholemodule;
				SWIFT_OPTIMIZATION_LEVEL = "-O";
				VALIDATE_PRODUCT = YES;
			};
			name = Release;
		};
		6EC5DC462AF7C70C0054DDB4 /* Debug */ = {
			isa = XCBuildConfiguration;
			buildSettings = {
				ASSETCATALOG_COMPILER_APPICON_NAME = AppIcon;
				ASSETCATALOG_COMPILER_GLOBAL_ACCENT_COLOR_NAME = AccentColor;
				CODE_SIGN_STYLE = Automatic;
				CURRENT_PROJECT_VERSION = 1;
				DEVELOPMENT_ASSET_PATHS = "\"AyachiZakariaQuiz/Preview Content\"";
				ENABLE_PREVIEWS = YES;
				GENERATE_INFOPLIST_FILE = YES;
				INFOPLIST_KEY_UIApplicationSceneManifest_Generation = YES;
				INFOPLIST_KEY_UIApplicationSupportsIndirectInputEvents = YES;
				INFOPLIST_KEY_UILaunchScreen_Generation = YES;
				INFOPLIST_KEY_UISupportedInterfaceOrientations_iPad = "UIInterfaceOrientationPortrait UIInterfaceOrientationPortraitUpsideDown UIInterfaceOrientationLandscapeLeft UIInterfaceOrientationLandscapeRight";
				INFOPLIST_KEY_UISupportedInterfaceOrientations_iPhone = "UIInterfaceOrientationPortrait UIInterfaceOrientationLandscapeLeft UIInterfaceOrientationLandscapeRight";
				LD_RUNPATH_SEARCH_PATHS = (
					"$(inherited)",
					"@executable_path/Frameworks",
				);
				MARKETING_VERSION = 1.0;
				PRODUCT_BUNDLE_IDENTIFIER = esprit.tn.AyachiZakariaQuiz;
				PRODUCT_NAME = "$(TARGET_NAME)";
				SWIFT_EMIT_LOC_STRINGS = YES;
				SWIFT_VERSION = 5.0;
				TARGETED_DEVICE_FAMILY = "1,2";
			};
			name = Debug;
		};
		6EC5DC472AF7C70C0054DDB4 /* Release */ = {
			isa = XCBuildConfiguration;
			buildSettings = {
				ASSETCATALOG_COMPILER_APPICON_NAME = AppIcon;
				ASSETCATALOG_COMPILER_GLOBAL_ACCENT_COLOR_NAME = AccentColor;
				CODE_SIGN_STYLE = Automatic;
				CURRENT_PROJECT_VERSION = 1;
				DEVELOPMENT_ASSET_PATHS = "\"AyachiZakariaQuiz/Preview Content\"";
				ENABLE_PREVIEWS = YES;
				GENERATE_INFOPLIST_FILE = YES;
				INFOPLIST_KEY_UIApplicationSceneManifest_Generation = YES;
				INFOPLIST_KEY_UIApplicationSupportsIndirectInputEvents = YES;
				INFOPLIST_KEY_UILaunchScreen_Generation = YES;
				INFOPLIST_KEY_UISupportedInterfaceOrientations_iPad = "UIInterfaceOrientationPortrait UIInterfaceOrientationPortraitUpsideDown UIInterfaceOrientationLandscapeLeft UIInterfaceOrientationLandscapeRight";
				INFOPLIST_KEY_UISupportedInterfaceOrientations_iPhone = "UIInterfaceOrientationPortrait UIInterfaceOrientationLandscapeLeft UIInterfaceOrientationLandscapeRight";
				LD_RUNPATH_SEARCH_PATHS = (
					"$(inherited)",
					"@executable_path/Frameworks",
				);
				MARKETING_VERSION = 1.0;
				PRODUCT_BUNDLE_IDENTIFIER = esprit.tn.AyachiZakariaQuiz;
				PRODUCT_NAME = "$(TARGET_NAME)";
				SWIFT_EMIT_LOC_STRINGS = YES;
				SWIFT_VERSION = 5.0;
				TARGETED_DEVICE_FAMILY = "1,2";
			};
			name = Release;
		};
		6EC5DC492AF7C70C0054DDB4 /* Debug */ = {
			isa = XCBuildConfiguration;
			buildSettings = {
				ALWAYS_EMBED_SWIFT_STANDARD_LIBRARIES = YES;
				BUNDLE_LOADER = "$(TEST_HOST)";
				CODE_SIGN_STYLE = Automatic;
				CURRENT_PROJECT_VERSION = 1;
				GENERATE_INFOPLIST_FILE = YES;
				IPHONEOS_DEPLOYMENT_TARGET = 16.1;
				MARKETING_VERSION = 1.0;
				PRODUCT_BUNDLE_IDENTIFIER = esprit.tn.AyachiZakariaQuizTests;
				PRODUCT_NAME = "$(TARGET_NAME)";
				SWIFT_EMIT_LOC_STRINGS = NO;
				SWIFT_VERSION = 5.0;
				TARGETED_DEVICE_FAMILY = "1,2";
				TEST_HOST = "$(BUILT_PRODUCTS_DIR)/AyachiZakariaQuiz.app/$(BUNDLE_EXECUTABLE_FOLDER_PATH)/AyachiZakariaQuiz";
			};
			name = Debug;
		};
		6EC5DC4A2AF7C70C0054DDB4 /* Release */ = {
			isa = XCBuildConfiguration;
			buildSettings = {
				ALWAYS_EMBED_SWIFT_STANDARD_LIBRARIES = YES;
				BUNDLE_LOADER = "$(TEST_HOST)";
				CODE_SIGN_STYLE = Automatic;
				CURRENT_PROJECT_VERSION = 1;
				GENERATE_INFOPLIST_FILE = YES;
				IPHONEOS_DEPLOYMENT_TARGET = 16.1;
				MARKETING_VERSION = 1.0;
				PRODUCT_BUNDLE_IDENTIFIER = esprit.tn.AyachiZakariaQuizTests;
				PRODUCT_NAME = "$(TARGET_NAME)";
				SWIFT_EMIT_LOC_STRINGS = NO;
				SWIFT_VERSION = 5.0;
				TARGETED_DEVICE_FAMILY = "1,2";
				TEST_HOST = "$(BUILT_PRODUCTS_DIR)/AyachiZakariaQuiz.app/$(BUNDLE_EXECUTABLE_FOLDER_PATH)/AyachiZakariaQuiz";
			};
			name = Release;
		};
		6EC5DC4C2AF7C70C0054DDB4 /* Debug */ = {
			isa = XCBuildConfiguration;
			buildSettings = {
				ALWAYS_EMBED_SWIFT_STANDARD_LIBRARIES = YES;
				CODE_SIGN_STYLE = Automatic;
				CURRENT_PROJECT_VERSION = 1;
				GENERATE_INFOPLIST_FILE = YES;
				MARKETING_VERSION = 1.0;
				PRODUCT_BUNDLE_IDENTIFIER = esprit.tn.AyachiZakariaQuizUITests;
				PRODUCT_NAME = "$(TARGET_NAME)";
				SWIFT_EMIT_LOC_STRINGS = NO;
				SWIFT_VERSION = 5.0;
				TARGETED_DEVICE_FAMILY = "1,2";
				TEST_TARGET_NAME = AyachiZakariaQuiz;
			};
			name = Debug;
		};
		6EC5DC4D2AF7C70C0054DDB4 /* Release */ = {
			isa = XCBuildConfiguration;
			buildSettings = {
				ALWAYS_EMBED_SWIFT_STANDARD_LIBRARIES = YES;
				CODE_SIGN_STYLE = Automatic;
				CURRENT_PROJECT_VERSION = 1;
				GENERATE_INFOPLIST_FILE = YES;
				MARKETING_VERSION = 1.0;
				PRODUCT_BUNDLE_IDENTIFIER = esprit.tn.AyachiZakariaQuizUITests;
				PRODUCT_NAME = "$(TARGET_NAME)";
				SWIFT_EMIT_LOC_STRINGS = NO;
				SWIFT_VERSION = 5.0;
				TARGETED_DEVICE_FAMILY = "1,2";
				TEST_TARGET_NAME = AyachiZakariaQuiz;
			};
			name = Release;
		};
/* End XCBuildConfiguration section */

/* Begin XCConfigurationList section */
		6EC5DC172AF7C70B0054DDB4 /* Build configuration list for PBXProject "AyachiZakariaQuiz" */ = {
			isa = XCConfigurationList;
			buildConfigurations = (
				6EC5DC432AF7C70C0054DDB4 /* Debug */,
				6EC5DC442AF7C70C0054DDB4 /* Release */,
			);
			defaultConfigurationIsVisible = 0;
			defaultConfigurationName = Release;
		};
		6EC5DC452AF7C70C0054DDB4 /* Build configuration list for PBXNativeTarget "AyachiZakariaQuiz" */ = {
			isa = XCConfigurationList;
			buildConfigurations = (
				6EC5DC462AF7C70C0054DDB4 /* Debug */,
				6EC5DC472AF7C70C0054DDB4 /* Release */,
			);
			defaultConfigurationIsVisible = 0;
			defaultConfigurationName = Release;
		};
		6EC5DC482AF7C70C0054DDB4 /* Build configuration list for PBXNativeTarget "AyachiZakariaQuizTests" */ = {
			isa = XCConfigurationList;
			buildConfigurations = (
				6EC5DC492AF7C70C0054DDB4 /* Debug */,
				6EC5DC4A2AF7C70C0054DDB4 /* Release */,
			);
			defaultConfigurationIsVisible = 0;
			defaultConfigurationName = Release;
		};
		6EC5DC4B2AF7C70C0054DDB4 /* Build configuration list for PBXNativeTarget "AyachiZakariaQuizUITests" */ = {
			isa = XCConfigurationList;
			buildConfigurations = (
				6EC5DC4C2AF7C70C0054DDB4 /* Debug */,
				6EC5DC4D2AF7C70C0054DDB4 /* Release */,
			);
			defaultConfigurationIsVisible = 0;
			defaultConfigurationName = Release;
		};
/* End XCConfigurationList section */

/* Begin XCVersionGroup section */
		6EC5DC2A2AF7C70C0054DDB4 /* AyachiZakariaQuiz.xcdatamodeld */ = {
			isa = XCVersionGroup;
			children = (
				6EC5DC2B2AF7C70C0054DDB4 /* AyachiZakariaQuiz.xcdatamodel */,
			);
			currentVersion = 6EC5DC2B2AF7C70C0054DDB4 /* AyachiZakariaQuiz.xcdatamodel */;
			path = AyachiZakariaQuiz.xcdatamodeld;
			sourceTree = "<group>";
			versionGroupType = wrapper.xcdatamodel;
		};
/* End XCVersionGroup section */
	};
	rootObject = 6EC5DC142AF7C70B0054DDB4 /* Project object */;
}
