{
  "object": {
    "pins": [
      {
        "package": "FLAnimatedImage",
        "repositoryURL": "https://github.com/Flipboard/FLAnimatedImage",
        "state": {
          "branch": "master",
          "revision": "d4f07b6f164d53c1212c3e54d6460738b1981e9f",
          "version": null
        }
      },
      {
        "package": "SDWebImage",
        "repositoryURL": "https://github.com/SDWebImage/SDWebImage.git",
        "state": {
          "branch": null,
          "revision": "fd1950de05a5ad77cb252fd88576c1e1809ee50d",
          "version": "5.18.4"
        }
      }
    ]
  },
  "version": 1
}
